// !$*UTF8*$!
{
	archiveVersion = 1;
	classes = {
	};
	objectVersion = 46;
	objects = {

/* Begin PBXBuildFile section */
		BE9B43719797EE4AB5838F34 /* PowerHandler.m in Sources */ = {isa = PBXBuildFile; fileRef = BE9B4D7E4A1130D4485F2150 /* PowerHandler.m */; };
		BE9B4616A32C2B60B45B3430 /* PopPowerView.m in Resources */ = {isa = PBXBuildFile; fileRef = BE9B481BBDAD5F60F30F2DB3 /* PopPowerView.m */; };
		EE13E50D1DDD3F86007C0096 /* KeyView.m in Sources */ = {isa = PBXBuildFile; fileRef = EE13E50C1DDD3F86007C0096 /* KeyView.m */; };
		EE13E5101DDD3FD3007C0096 /* NormalKeyView.m in Sources */ = {isa = PBXBuildFile; fileRef = EE13E50F1DDD3FD3007C0096 /* NormalKeyView.m */; };
		EE13E5131DDD402E007C0096 /* StatusKeyView.m in Sources */ = {isa = PBXBuildFile; fileRef = EE13E5121DDD402E007C0096 /* StatusKeyView.m */; };
		EE13E5161DDD4089007C0096 /* FullKeyboardView.m in Sources */ = {isa = PBXBuildFile; fileRef = EE13E5151DDD4089007C0096 /* FullKeyboardView.m */; };
		EE13E51D1DDD614D007C0096 /* BTPackage.m in Sources */ = {isa = PBXBuildFile; fileRef = EE13E51C1DDD614D007C0096 /* BTPackage.m */; };
		EE13E51F1DDDC7E3007C0096 /* PopSideView.m in Sources */ = {isa = PBXBuildFile; fileRef = EE13E51E1DDDC7E3007C0096 /* PopSideView.m */; };
		EE15825A1E02E00A00957D27 /* PopPowerView.m in Sources */ = {isa = PBXBuildFile; fileRef = BE9B481BBDAD5F60F30F2DB3 /* PopPowerView.m */; };
		EE1870271DDC86CA009B292C /* PopNotifyView.m in Sources */ = {isa = PBXBuildFile; fileRef = EE1870261DDC86CA009B292C /* PopNotifyView.m */; };
		EE44C2D61DDEEE3000F8AD53 /* StatusView.m in Sources */ = {isa = PBXBuildFile; fileRef = EE44C2D51DDEEE3000F8AD53 /* StatusView.m */; };
		EE44C2DC1DDEFF8B00F8AD53 /* SysInfoItem.m in Sources */ = {isa = PBXBuildFile; fileRef = EE44C2DB1DDEFF8B00F8AD53 /* SysInfoItem.m */; };
		EE44C2E01DDF007B00F8AD53 /* ViewUtil.m in Sources */ = {isa = PBXBuildFile; fileRef = EE44C2DF1DDF007B00F8AD53 /* ViewUtil.m */; };
		EE5472511DCF6D9C00B71F2A /* PopSelectView.m in Sources */ = {isa = PBXBuildFile; fileRef = EE5472501DCF6D9C00B71F2A /* PopSelectView.m */; };
		EE5472541DCF891F00B71F2A /* PopTextView.m in Sources */ = {isa = PBXBuildFile; fileRef = EE5472531DCF891F00B71F2A /* PopTextView.m */; };
		EE633FA51DE0A33D00B93969 /* DateHandler.m in Sources */ = {isa = PBXBuildFile; fileRef = EE633FA41DE0A33D00B93969 /* DateHandler.m */; };
		EE633FA71DE1443800B93969 /* PopAlertView.m in Sources */ = {isa = PBXBuildFile; fileRef = EE633FA61DE1443800B93969 /* PopAlertView.m */; };
		EE885D7B1DD0AE7E005A730C /* xterm.css in Resources */ = {isa = PBXBuildFile; fileRef = EE885D781DD0AE7E005A730C /* xterm.css */; };
		EE885D7C1DD0AE7E005A730C /* xterm.js in Resources */ = {isa = PBXBuildFile; fileRef = EE885D791DD0AE7E005A730C /* xterm.js */; };
		EE885D7E1DD0AFAE005A730C /* addons in Resources */ = {isa = PBXBuildFile; fileRef = EE885D7D1DD0AFAE005A730C /* addons */; };
		EE885D801DD0B018005A730C /* main.js in Resources */ = {isa = PBXBuildFile; fileRef = EE885D7F1DD0B018005A730C /* main.js */; };
		EE885D821DD0B028005A730C /* index.html in Resources */ = {isa = PBXBuildFile; fileRef = EE885D811DD0B028005A730C /* index.html */; };
		EE885D841DD0B0D6005A730C /* style.css in Resources */ = {isa = PBXBuildFile; fileRef = EE885D831DD0B0D6005A730C /* style.css */; };
		EE885D871DD0B71C005A730C /* XTermView.m in Sources */ = {isa = PBXBuildFile; fileRef = EE885D861DD0B71C005A730C /* XTermView.m */; };
		EE8E8C551DCD7144000338C6 /* main.m in Sources */ = {isa = PBXBuildFile; fileRef = EE8E8C541DCD7144000338C6 /* main.m */; };
		EE8E8C581DCD7144000338C6 /* AppDelegate.m in Sources */ = {isa = PBXBuildFile; fileRef = EE8E8C571DCD7144000338C6 /* AppDelegate.m */; };
		EE8E8C5B1DCD7144000338C6 /* ViewController.m in Sources */ = {isa = PBXBuildFile; fileRef = EE8E8C5A1DCD7144000338C6 /* ViewController.m */; };
		EE8E8C601DCD7144000338C6 /* Assets.xcassets in Resources */ = {isa = PBXBuildFile; fileRef = EE8E8C5F1DCD7144000338C6 /* Assets.xcassets */; };
		EE8E8C631DCD7145000338C6 /* LaunchScreen.storyboard in Resources */ = {isa = PBXBuildFile; fileRef = EE8E8C611DCD7145000338C6 /* LaunchScreen.storyboard */; };
		EE8E8C6C1DCF0B68000338C6 /* BTService.m in Sources */ = {isa = PBXBuildFile; fileRef = EE8E8C6B1DCF0B68000338C6 /* BTService.m */; };
/* End PBXBuildFile section */

/* Begin PBXFileReference section */
		BE9B481BBDAD5F60F30F2DB3 /* PopPowerView.m */ = {isa = PBXFileReference; fileEncoding = 4; lastKnownFileType = sourcecode.c.objc; path = PopPowerView.m; sourceTree = "<group>"; };
		BE9B4B8C6E5370EE1E7251F1 /* PowerHandler.h */ = {isa = PBXFileReference; fileEncoding = 4; lastKnownFileType = sourcecode.c.h; path = PowerHandler.h; sourceTree = "<group>"; };
		BE9B4D7E4A1130D4485F2150 /* PowerHandler.m */ = {isa = PBXFileReference; fileEncoding = 4; lastKnownFileType = sourcecode.c.objc; path = PowerHandler.m; sourceTree = "<group>"; };
		EE13E50C1DDD3F86007C0096 /* KeyView.m */ = {isa = PBXFileReference; fileEncoding = 4; lastKnownFileType = sourcecode.c.objc; path = KeyView.m; sourceTree = "<group>"; };
		EE13E50F1DDD3FD3007C0096 /* NormalKeyView.m */ = {isa = PBXFileReference; fileEncoding = 4; lastKnownFileType = sourcecode.c.objc; path = NormalKeyView.m; sourceTree = "<group>"; };
		EE13E5121DDD402E007C0096 /* StatusKeyView.m */ = {isa = PBXFileReference; fileEncoding = 4; lastKnownFileType = sourcecode.c.objc; path = StatusKeyView.m; sourceTree = "<group>"; };
		EE13E5151DDD4089007C0096 /* FullKeyboardView.m */ = {isa = PBXFileReference; fileEncoding = 4; lastKnownFileType = sourcecode.c.objc; path = FullKeyboardView.m; sourceTree = "<group>"; };
		EE13E51A1DDD5770007C0096 /* PopView.h */ = {isa = PBXFileReference; fileEncoding = 4; lastKnownFileType = sourcecode.c.h; path = PopView.h; sourceTree = "<group>"; };
		EE13E51C1DDD614D007C0096 /* BTPackage.m */ = {isa = PBXFileReference; fileEncoding = 4; lastKnownFileType = sourcecode.c.objc; path = BTPackage.m; sourceTree = "<group>"; };
		EE13E51E1DDDC7E3007C0096 /* PopSideView.m */ = {isa = PBXFileReference; fileEncoding = 4; lastKnownFileType = sourcecode.c.objc; path = PopSideView.m; sourceTree = "<group>"; };
		EE13E5211DDDEB95007C0096 /* DataPackHandlerDelegate.h */ = {isa = PBXFileReference; fileEncoding = 4; lastKnownFileType = sourcecode.c.h; path = DataPackHandlerDelegate.h; sourceTree = "<group>"; };
		EE1870261DDC86CA009B292C /* PopNotifyView.m */ = {isa = PBXFileReference; fileEncoding = 4; lastKnownFileType = sourcecode.c.objc; path = PopNotifyView.m; sourceTree = "<group>"; };
		EE18A5F91DD41E5100A42EDF /* KeyboardView.h */ = {isa = PBXFileReference; fileEncoding = 4; lastKnownFileType = sourcecode.c.h; path = KeyboardView.h; sourceTree = "<group>"; };
		EE44C2D41DDEEE3000F8AD53 /* StatusView.h */ = {isa = PBXFileReference; fileEncoding = 4; lastKnownFileType = sourcecode.c.h; path = StatusView.h; sourceTree = "<group>"; };
		EE44C2D51DDEEE3000F8AD53 /* StatusView.m */ = {isa = PBXFileReference; fileEncoding = 4; lastKnownFileType = sourcecode.c.objc; path = StatusView.m; sourceTree = "<group>"; };
		EE44C2DA1DDEFF8B00F8AD53 /* SysInfoItem.h */ = {isa = PBXFileReference; fileEncoding = 4; lastKnownFileType = sourcecode.c.h; path = SysInfoItem.h; sourceTree = "<group>"; };
		EE44C2DB1DDEFF8B00F8AD53 /* SysInfoItem.m */ = {isa = PBXFileReference; fileEncoding = 4; lastKnownFileType = sourcecode.c.objc; path = SysInfoItem.m; sourceTree = "<group>"; };
		EE44C2DE1DDF007B00F8AD53 /* ViewUtil.h */ = {isa = PBXFileReference; fileEncoding = 4; lastKnownFileType = sourcecode.c.h; path = ViewUtil.h; sourceTree = "<group>"; };
		EE44C2DF1DDF007B00F8AD53 /* ViewUtil.m */ = {isa = PBXFileReference; fileEncoding = 4; lastKnownFileType = sourcecode.c.objc; path = ViewUtil.m; sourceTree = "<group>"; };
		EE5472501DCF6D9C00B71F2A /* PopSelectView.m */ = {isa = PBXFileReference; fileEncoding = 4; lastKnownFileType = sourcecode.c.objc; path = PopSelectView.m; sourceTree = "<group>"; };
		EE5472531DCF891F00B71F2A /* PopTextView.m */ = {isa = PBXFileReference; fileEncoding = 4; lastKnownFileType = sourcecode.c.objc; path = PopTextView.m; sourceTree = "<group>"; };
		EE633FA31DE0A33D00B93969 /* DateHandler.h */ = {isa = PBXFileReference; fileEncoding = 4; lastKnownFileType = sourcecode.c.h; path = DateHandler.h; sourceTree = "<group>"; };
		EE633FA41DE0A33D00B93969 /* DateHandler.m */ = {isa = PBXFileReference; fileEncoding = 4; lastKnownFileType = sourcecode.c.objc; path = DateHandler.m; sourceTree = "<group>"; };
		EE633FA61DE1443800B93969 /* PopAlertView.m */ = {isa = PBXFileReference; fileEncoding = 4; lastKnownFileType = sourcecode.c.objc; path = PopAlertView.m; sourceTree = "<group>"; };
		EE885D781DD0AE7E005A730C /* xterm.css */ = {isa = PBXFileReference; fileEncoding = 4; lastKnownFileType = text.css; path = xterm.css; sourceTree = "<group>"; };
		EE885D791DD0AE7E005A730C /* xterm.js */ = {isa = PBXFileReference; fileEncoding = 4; lastKnownFileType = sourcecode.javascript; path = xterm.js; sourceTree = "<group>"; };
		EE885D7A1DD0AE7E005A730C /* xterm.js.map */ = {isa = PBXFileReference; fileEncoding = 4; lastKnownFileType = "sourcecode.module-map"; path = xterm.js.map; sourceTree = "<group>"; };
		EE885D7D1DD0AFAE005A730C /* addons */ = {isa = PBXFileReference; lastKnownFileType = folder; path = addons; sourceTree = "<group>"; };
		EE885D7F1DD0B018005A730C /* main.js */ = {isa = PBXFileReference; fileEncoding = 4; lastKnownFileType = sourcecode.javascript; path = main.js; sourceTree = "<group>"; };
		EE885D811DD0B028005A730C /* index.html */ = {isa = PBXFileReference; fileEncoding = 4; lastKnownFileType = text.html; path = index.html; sourceTree = "<group>"; };
		EE885D831DD0B0D6005A730C /* style.css */ = {isa = PBXFileReference; fileEncoding = 4; lastKnownFileType = text.css; path = style.css; sourceTree = "<group>"; };
		EE885D851DD0B71C005A730C /* XTermView.h */ = {isa = PBXFileReference; fileEncoding = 4; lastKnownFileType = sourcecode.c.h; path = XTermView.h; sourceTree = "<group>"; };
		EE885D861DD0B71C005A730C /* XTermView.m */ = {isa = PBXFileReference; fileEncoding = 4; lastKnownFileType = sourcecode.c.objc; path = XTermView.m; sourceTree = "<group>"; };
		EE8E8C501DCD7144000338C6 /* piconsoleclient.app */ = {isa = PBXFileReference; explicitFileType = wrapper.application; includeInIndex = 0; path = piconsoleclient.app; sourceTree = BUILT_PRODUCTS_DIR; };
		EE8E8C541DCD7144000338C6 /* main.m */ = {isa = PBXFileReference; lastKnownFileType = sourcecode.c.objc; path = main.m; sourceTree = "<group>"; };
		EE8E8C561DCD7144000338C6 /* AppDelegate.h */ = {isa = PBXFileReference; lastKnownFileType = sourcecode.c.h; path = AppDelegate.h; sourceTree = "<group>"; };
		EE8E8C571DCD7144000338C6 /* AppDelegate.m */ = {isa = PBXFileReference; lastKnownFileType = sourcecode.c.objc; path = AppDelegate.m; sourceTree = "<group>"; };
		EE8E8C591DCD7144000338C6 /* ViewController.h */ = {isa = PBXFileReference; lastKnownFileType = sourcecode.c.h; path = ViewController.h; sourceTree = "<group>"; };
		EE8E8C5A1DCD7144000338C6 /* ViewController.m */ = {isa = PBXFileReference; lastKnownFileType = sourcecode.c.objc; path = ViewController.m; sourceTree = "<group>"; };
		EE8E8C5F1DCD7144000338C6 /* Assets.xcassets */ = {isa = PBXFileReference; lastKnownFileType = folder.assetcatalog; path = Assets.xcassets; sourceTree = "<group>"; };
		EE8E8C621DCD7145000338C6 /* Base */ = {isa = PBXFileReference; lastKnownFileType = file.storyboard; name = Base; path = Base.lproj/LaunchScreen.storyboard; sourceTree = "<group>"; };
		EE8E8C641DCD7145000338C6 /* Info.plist */ = {isa = PBXFileReference; lastKnownFileType = text.plist.xml; path = Info.plist; sourceTree = "<group>"; };
		EE8E8C6A1DCF0B68000338C6 /* BTTransfer.h */ = {isa = PBXFileReference; fileEncoding = 4; lastKnownFileType = sourcecode.c.h; path = BTTransfer.h; sourceTree = "<group>"; };
		EE8E8C6B1DCF0B68000338C6 /* BTService.m */ = {isa = PBXFileReference; fileEncoding = 4; lastKnownFileType = sourcecode.c.objc; path = BTService.m; sourceTree = "<group>"; };
/* End PBXFileReference section */

/* Begin PBXFrameworksBuildPhase section */
		EE8E8C4D1DCD7144000338C6 /* Frameworks */ = {
			isa = PBXFrameworksBuildPhase;
			buildActionMask = 2147483647;
			files = (
			);
			runOnlyForDeploymentPostprocessing = 0;
		};
/* End PBXFrameworksBuildPhase section */

/* Begin PBXGroup section */
		EE13E5051DDD3E30007C0096 /* Application */ = {
			isa = PBXGroup;
			children = (
				EE8E8C561DCD7144000338C6 /* AppDelegate.h */,
				EE8E8C571DCD7144000338C6 /* AppDelegate.m */,
			);
			name = Application;
			sourceTree = "<group>";
		};
		EE13E5061DDD3E44007C0096 /* Controllers */ = {
			isa = PBXGroup;
			children = (
				EE8E8C591DCD7144000338C6 /* ViewController.h */,
				EE8E8C5A1DCD7144000338C6 /* ViewController.m */,
			);
			name = Controllers;
			sourceTree = "<group>";
		};
		EE13E5071DDD3E5B007C0096 /* Views */ = {
			isa = PBXGroup;
			children = (
				EE44C2D31DDEEE0D00F8AD53 /* StatusView */,
				EE13E50A1DDD3EE1007C0096 /* KeyboardView */,
				EE13E5091DDD3ED4007C0096 /* PopView */,
				EE885D851DD0B71C005A730C /* XTermView.h */,
				EE885D861DD0B71C005A730C /* XTermView.m */,
			);
			name = Views;
			sourceTree = "<group>";
		};
		EE13E5081DDD3E80007C0096 /* Services */ = {
			isa = PBXGroup;
			children = (
				EE633FA21DE0A30600B93969 /* Common */,
				EE13E51B1DDD6124007C0096 /* BTTransfer */,
			);
			name = Services;
			sourceTree = "<group>";
		};
		EE13E5091DDD3ED4007C0096 /* PopView */ = {
			isa = PBXGroup;
			children = (
				EE13E51A1DDD5770007C0096 /* PopView.h */,
				EE5472501DCF6D9C00B71F2A /* PopSelectView.m */,
				EE5472531DCF891F00B71F2A /* PopTextView.m */,
				EE1870261DDC86CA009B292C /* PopNotifyView.m */,
				EE13E51E1DDDC7E3007C0096 /* PopSideView.m */,
				EE633FA61DE1443800B93969 /* PopAlertView.m */,
				BE9B481BBDAD5F60F30F2DB3 /* PopPowerView.m */,
			);
			name = PopView;
			sourceTree = "<group>";
		};
		EE13E50A1DDD3EE1007C0096 /* KeyboardView */ = {
			isa = PBXGroup;
			children = (
				EE18A5F91DD41E5100A42EDF /* KeyboardView.h */,
				EE13E50C1DDD3F86007C0096 /* KeyView.m */,
				EE13E50F1DDD3FD3007C0096 /* NormalKeyView.m */,
				EE13E5121DDD402E007C0096 /* StatusKeyView.m */,
				EE13E5151DDD4089007C0096 /* FullKeyboardView.m */,
			);
			name = KeyboardView;
			sourceTree = "<group>";
		};
		EE13E51B1DDD6124007C0096 /* BTTransfer */ = {
			isa = PBXGroup;
			children = (
				EE8E8C6A1DCF0B68000338C6 /* BTTransfer.h */,
				EE8E8C6B1DCF0B68000338C6 /* BTService.m */,
				EE13E51C1DDD614D007C0096 /* BTPackage.m */,
			);
			name = BTTransfer;
			sourceTree = "<group>";
		};
		EE13E5201DDDEB54007C0096 /* PublicProtocols */ = {
			isa = PBXGroup;
			children = (
				EE13E5211DDDEB95007C0096 /* DataPackHandlerDelegate.h */,
			);
			name = PublicProtocols;
			sourceTree = "<group>";
		};
		EE44C2D31DDEEE0D00F8AD53 /* StatusView */ = {
			isa = PBXGroup;
			children = (
				EE44C2D91DDEFF1300F8AD53 /* StatusItems */,
				EE44C2D41DDEEE3000F8AD53 /* StatusView.h */,
				EE44C2D51DDEEE3000F8AD53 /* StatusView.m */,
			);
			name = StatusView;
			sourceTree = "<group>";
		};
		EE44C2D91DDEFF1300F8AD53 /* StatusItems */ = {
			isa = PBXGroup;
			children = (
				EE44C2DA1DDEFF8B00F8AD53 /* SysInfoItem.h */,
				EE44C2DB1DDEFF8B00F8AD53 /* SysInfoItem.m */,
			);
			name = StatusItems;
			sourceTree = "<group>";
		};
		EE44C2DD1DDF000D00F8AD53 /* Utils */ = {
			isa = PBXGroup;
			children = (
				EE44C2DE1DDF007B00F8AD53 /* ViewUtil.h */,
				EE44C2DF1DDF007B00F8AD53 /* ViewUtil.m */,
			);
			name = Utils;
			sourceTree = "<group>";
		};
		EE633FA21DE0A30600B93969 /* Common */ = {
			isa = PBXGroup;
			children = (
				EE633FA31DE0A33D00B93969 /* DateHandler.h */,
				EE633FA41DE0A33D00B93969 /* DateHandler.m */,
				BE9B4D7E4A1130D4485F2150 /* PowerHandler.m */,
				BE9B4B8C6E5370EE1E7251F1 /* PowerHandler.h */,
			);
			name = Common;
			sourceTree = "<group>";
		};
		EE885D771DD0AE49005A730C /* Resource */ = {
			isa = PBXGroup;
			children = (
				EE885D7F1DD0B018005A730C /* main.js */,
				EE885D811DD0B028005A730C /* index.html */,
				EE885D7D1DD0AFAE005A730C /* addons */,
				EE885D781DD0AE7E005A730C /* xterm.css */,
				EE885D791DD0AE7E005A730C /* xterm.js */,
				EE885D7A1DD0AE7E005A730C /* xterm.js.map */,
				EE885D831DD0B0D6005A730C /* style.css */,
			);
			name = Resource;
			sourceTree = "<group>";
		};
		EE8E8C471DCD7144000338C6 = {
			isa = PBXGroup;
			children = (
				EE8E8C521DCD7144000338C6 /* piconsoleclient */,
				EE8E8C511DCD7144000338C6 /* Products */,
			);
			sourceTree = "<group>";
		};
		EE8E8C511DCD7144000338C6 /* Products */ = {
			isa = PBXGroup;
			children = (
				EE8E8C501DCD7144000338C6 /* piconsoleclient.app */,
			);
			name = Products;
			sourceTree = "<group>";
		};
		EE8E8C521DCD7144000338C6 /* piconsoleclient */ = {
			isa = PBXGroup;
			children = (
				EE44C2DD1DDF000D00F8AD53 /* Utils */,
				EE13E5201DDDEB54007C0096 /* PublicProtocols */,
				EE13E5081DDD3E80007C0096 /* Services */,
				EE13E5071DDD3E5B007C0096 /* Views */,
				EE13E5061DDD3E44007C0096 /* Controllers */,
				EE13E5051DDD3E30007C0096 /* Application */,
				EE885D771DD0AE49005A730C /* Resource */,
				EE8E8C5F1DCD7144000338C6 /* Assets.xcassets */,
				EE8E8C611DCD7145000338C6 /* LaunchScreen.storyboard */,
				EE8E8C641DCD7145000338C6 /* Info.plist */,
				EE8E8C531DCD7144000338C6 /* Supporting Files */,
			);
			path = piconsoleclient;
			sourceTree = "<group>";
		};
		EE8E8C531DCD7144000338C6 /* Supporting Files */ = {
			isa = PBXGroup;
			children = (
				EE8E8C541DCD7144000338C6 /* main.m */,
			);
			name = "Supporting Files";
			sourceTree = "<group>";
		};
/* End PBXGroup section */

/* Begin PBXNativeTarget section */
		EE8E8C4F1DCD7144000338C6 /* piconsoleclient */ = {
			isa = PBXNativeTarget;
			buildConfigurationList = EE8E8C671DCD7145000338C6 /* Build configuration list for PBXNativeTarget "piconsoleclient" */;
			buildPhases = (
				EE8E8C4C1DCD7144000338C6 /* Sources */,
				EE8E8C4D1DCD7144000338C6 /* Frameworks */,
				EE8E8C4E1DCD7144000338C6 /* Resources */,
			);
			buildRules = (
			);
			dependencies = (
			);
			name = piconsoleclient;
			productName = piconsoleclient;
			productReference = EE8E8C501DCD7144000338C6 /* piconsoleclient.app */;
			productType = "com.apple.product-type.application";
		};
/* End PBXNativeTarget section */

/* Begin PBXProject section */
		EE8E8C481DCD7144000338C6 /* Project object */ = {
			isa = PBXProject;
			attributes = {
				LastUpgradeCheck = 0810;
				ORGANIZATIONNAME = lonord;
				TargetAttributes = {
					EE8E8C4F1DCD7144000338C6 = {
						CreatedOnToolsVersion = 8.1;
						DevelopmentTeam = 4957ZWXF2W;
						ProvisioningStyle = Automatic;
					};
				};
			};
			buildConfigurationList = EE8E8C4B1DCD7144000338C6 /* Build configuration list for PBXProject "piconsoleclient" */;
			compatibilityVersion = "Xcode 3.2";
			developmentRegion = English;
			hasScannedForEncodings = 0;
			knownRegions = (
				en,
				Base,
			);
			mainGroup = EE8E8C471DCD7144000338C6;
			productRefGroup = EE8E8C511DCD7144000338C6 /* Products */;
			projectDirPath = "";
			projectRoot = "";
			targets = (
				EE8E8C4F1DCD7144000338C6 /* piconsoleclient */,
			);
		};
/* End PBXProject section */

/* Begin PBXResourcesBuildPhase section */
		EE8E8C4E1DCD7144000338C6 /* Resources */ = {
			isa = PBXResourcesBuildPhase;
			buildActionMask = 2147483647;
			files = (
				EE885D821DD0B028005A730C /* index.html in Resources */,
				EE885D841DD0B0D6005A730C /* style.css in Resources */,
				EE885D7E1DD0AFAE005A730C /* addons in Resources */,
				EE8E8C631DCD7145000338C6 /* LaunchScreen.storyboard in Resources */,
				EE8E8C601DCD7144000338C6 /* Assets.xcassets in Resources */,
				EE885D801DD0B018005A730C /* main.js in Resources */,
				EE885D7B1DD0AE7E005A730C /* xterm.css in Resources */,
				EE885D7C1DD0AE7E005A730C /* xterm.js in Resources */,
				BE9B4616A32C2B60B45B3430 /* PopPowerView.m in Resources */,
			);
			runOnlyForDeploymentPostprocessing = 0;
		};
/* End PBXResourcesBuildPhase section */

/* Begin PBXSourcesBuildPhase section */
		EE8E8C4C1DCD7144000338C6 /* Sources */ = {
			isa = PBXSourcesBuildPhase;
			buildActionMask = 2147483647;
			files = (
				EE15825A1E02E00A00957D27 /* PopPowerView.m in Sources */,
				EE13E50D1DDD3F86007C0096 /* KeyView.m in Sources */,
				EE885D871DD0B71C005A730C /* XTermView.m in Sources */,
				EE44C2DC1DDEFF8B00F8AD53 /* SysInfoItem.m in Sources */,
				EE44C2D61DDEEE3000F8AD53 /* StatusView.m in Sources */,
				EE13E5131DDD402E007C0096 /* StatusKeyView.m in Sources */,
				EE13E51F1DDDC7E3007C0096 /* PopSideView.m in Sources */,
				EE13E51D1DDD614D007C0096 /* BTPackage.m in Sources */,
				EE13E5101DDD3FD3007C0096 /* NormalKeyView.m in Sources */,
				EE13E5161DDD4089007C0096 /* FullKeyboardView.m in Sources */,
				EE8E8C5B1DCD7144000338C6 /* ViewController.m in Sources */,
				EE44C2E01DDF007B00F8AD53 /* ViewUtil.m in Sources */,
				EE5472541DCF891F00B71F2A /* PopTextView.m in Sources */,
				EE633FA51DE0A33D00B93969 /* DateHandler.m in Sources */,
				EE5472511DCF6D9C00B71F2A /* PopSelectView.m in Sources */,
				EE8E8C6C1DCF0B68000338C6 /* BTService.m in Sources */,
				EE633FA71DE1443800B93969 /* PopAlertView.m in Sources */,
				EE1870271DDC86CA009B292C /* PopNotifyView.m in Sources */,
				EE8E8C581DCD7144000338C6 /* AppDelegate.m in Sources */,
				EE8E8C551DCD7144000338C6 /* main.m in Sources */,
				BE9B43719797EE4AB5838F34 /* PowerHandler.m in Sources */,
			);
			runOnlyForDeploymentPostprocessing = 0;
		};
/* End PBXSourcesBuildPhase section */

/* Begin PBXVariantGroup section */
		EE8E8C611DCD7145000338C6 /* LaunchScreen.storyboard */ = {
			isa = PBXVariantGroup;
			children = (
				EE8E8C621DCD7145000338C6 /* Base */,
			);
			name = LaunchScreen.storyboard;
			sourceTree = "<group>";
		};
/* End PBXVariantGroup section */

/* Begin XCBuildConfiguration section */
		EE8E8C651DCD7145000338C6 /* Debug */ = {
			isa = XCBuildConfiguration;
			buildSettings = {
				ALWAYS_SEARCH_USER_PATHS = NO;
				CLANG_ANALYZER_NONNULL = YES;
				CLANG_CXX_LANGUAGE_STANDARD = "gnu++0x";
				CLANG_CXX_LIBRARY = "libc++";
				CLANG_ENABLE_MODULES = YES;
				CLANG_ENABLE_OBJC_ARC = YES;
				CLANG_WARN_BOOL_CONVERSION = YES;
				CLANG_WARN_CONSTANT_CONVERSION = YES;
				CLANG_WARN_DIRECT_OBJC_ISA_USAGE = YES_ERROR;
				CLANG_WARN_DOCUMENTATION_COMMENTS = YES;
				CLANG_WARN_EMPTY_BODY = YES;
				CLANG_WARN_ENUM_CONVERSION = YES;
				CLANG_WARN_INFINITE_RECURSION = YES;
				CLANG_WARN_INT_CONVERSION = YES;
				CLANG_WARN_OBJC_ROOT_CLASS = YES_ERROR;
				CLANG_WARN_SUSPICIOUS_MOVES = YES;
				CLANG_WARN_UNREACHABLE_CODE = YES;
				CLANG_WARN__DUPLICATE_METHOD_MATCH = YES;
				"CODE_SIGN_IDENTITY[sdk=iphoneos*]" = "iPhone Developer";
				COPY_PHASE_STRIP = NO;
				DEBUG_INFORMATION_FORMAT = dwarf;
				ENABLE_STRICT_OBJC_MSGSEND = YES;
				ENABLE_TESTABILITY = YES;
				GCC_C_LANGUAGE_STANDARD = gnu99;
				GCC_DYNAMIC_NO_PIC = NO;
				GCC_NO_COMMON_BLOCKS = YES;
				GCC_OPTIMIZATION_LEVEL = 0;
				GCC_PREPROCESSOR_DEFINITIONS = (
					"DEBUG=1",
					"$(inherited)",
				);
				GCC_WARN_64_TO_32_BIT_CONVERSION = YES;
				GCC_WARN_ABOUT_RETURN_TYPE = YES_ERROR;
				GCC_WARN_UNDECLARED_SELECTOR = YES;
				GCC_WARN_UNINITIALIZED_AUTOS = YES_AGGRESSIVE;
				GCC_WARN_UNUSED_FUNCTION = YES;
				GCC_WARN_UNUSED_VARIABLE = YES;
				IPHONEOS_DEPLOYMENT_TARGET = 10.1;
				MTL_ENABLE_DEBUG_INFO = YES;
				ONLY_ACTIVE_ARCH = YES;
				SDKROOT = iphoneos;
				TARGETED_DEVICE_FAMILY = "1,2";
			};
			name = Debug;
		};
		EE8E8C661DCD7145000338C6 /* Release */ = {
			isa = XCBuildConfiguration;
			buildSettings = {
				ALWAYS_SEARCH_USER_PATHS = NO;
				CLANG_ANALYZER_NONNULL = YES;
				CLANG_CXX_LANGUAGE_STANDARD = "gnu++0x";
				CLANG_CXX_LIBRARY = "libc++";
				CLANG_ENABLE_MODULES = YES;
				CLANG_ENABLE_OBJC_ARC = YES;
				CLANG_WARN_BOOL_CONVERSION = YES;
				CLANG_WARN_CONSTANT_CONVERSION = YES;
				CLANG_WARN_DIRECT_OBJC_ISA_USAGE = YES_ERROR;
				CLANG_WARN_DOCUMENTATION_COMMENTS = YES;
				CLANG_WARN_EMPTY_BODY = YES;
				CLANG_WARN_ENUM_CONVERSION = YES;
				CLANG_WARN_INFINITE_RECURSION = YES;
				CLANG_WARN_INT_CONVERSION = YES;
				CLANG_WARN_OBJC_ROOT_CLASS = YES_ERROR;
				CLANG_WARN_SUSPICIOUS_MOVES = YES;
				CLANG_WARN_UNREACHABLE_CODE = YES;
				CLANG_WARN__DUPLICATE_METHOD_MATCH = YES;
				"CODE_SIGN_IDENTITY[sdk=iphoneos*]" = "iPhone Developer";
				COPY_PHASE_STRIP = NO;
				DEBUG_INFORMATION_FORMAT = "dwarf-with-dsym";
				ENABLE_NS_ASSERTIONS = NO;
				ENABLE_STRICT_OBJC_MSGSEND = YES;
				GCC_C_LANGUAGE_STANDARD = gnu99;
				GCC_NO_COMMON_BLOCKS = YES;
				GCC_WARN_64_TO_32_BIT_CONVERSION = YES;
				GCC_WARN_ABOUT_RETURN_TYPE = YES_ERROR;
				GCC_WARN_UNDECLARED_SELECTOR = YES;
				GCC_WARN_UNINITIALIZED_AUTOS = YES_AGGRESSIVE;
				GCC_WARN_UNUSED_FUNCTION = YES;
				GCC_WARN_UNUSED_VARIABLE = YES;
				IPHONEOS_DEPLOYMENT_TARGET = 10.1;
				MTL_ENABLE_DEBUG_INFO = NO;
				SDKROOT = iphoneos;
				TARGETED_DEVICE_FAMILY = "1,2";
				VALIDATE_PRODUCT = YES;
			};
			name = Release;
		};
		EE8E8C681DCD7145000338C6 /* Debug */ = {
			isa = XCBuildConfiguration;
			buildSettings = {
				ASSETCATALOG_COMPILER_APPICON_NAME = AppIcon;
				DEVELOPMENT_TEAM = 4957ZWXF2W;
				INFOPLIST_FILE = piconsoleclient/Info.plist;
				IPHONEOS_DEPLOYMENT_TARGET = 9.0;
				LD_RUNPATH_SEARCH_PATHS = "$(inherited) @executable_path/Frameworks";
				PRODUCT_BUNDLE_IDENTIFIER = name.lonord.piconsoleclient;
				PRODUCT_NAME = "$(TARGET_NAME)";
			};
			name = Debug;
		};
		EE8E8C691DCD7145000338C6 /* Release */ = {
			isa = XCBuildConfiguration;
			buildSettings = {
				ASSETCATALOG_COMPILER_APPICON_NAME = AppIcon;
				DEVELOPMENT_TEAM = 4957ZWXF2W;
				INFOPLIST_FILE = piconsoleclient/Info.plist;
				IPHONEOS_DEPLOYMENT_TARGET = 9.0;
				LD_RUNPATH_SEARCH_PATHS = "$(inherited) @executable_path/Frameworks";
				PRODUCT_BUNDLE_IDENTIFIER = name.lonord.piconsoleclient;
				PRODUCT_NAME = "$(TARGET_NAME)";
			};
			name = Release;
		};
/* End XCBuildConfiguration section */

/* Begin XCConfigurationList section */
		EE8E8C4B1DCD7144000338C6 /* Build configuration list for PBXProject "piconsoleclient" */ = {
			isa = XCConfigurationList;
			buildConfigurations = (
				EE8E8C651DCD7145000338C6 /* Debug */,
				EE8E8C661DCD7145000338C6 /* Release */,
			);
			defaultConfigurationIsVisible = 0;
			defaultConfigurationName = Release;
		};
		EE8E8C671DCD7145000338C6 /* Build configuration list for PBXNativeTarget "piconsoleclient" */ = {
			isa = XCConfigurationList;
			buildConfigurations = (
				EE8E8C681DCD7145000338C6 /* Debug */,
				EE8E8C691DCD7145000338C6 /* Release */,
			);
			defaultConfigurationIsVisible = 0;
			defaultConfigurationName = Release;
		};
/* End XCConfigurationList section */
	};
	rootObject = EE8E8C481DCD7144000338C6 /* Project object */;
}
